
Microsoft Visual Studio Solution File, Format Version 12.00
# Visual Studio Version 17
VisualStudioVersion = 17.0.32126.317
MinimumVisualStudioVersion = 10.0.40219.1
Project("{9A19103F-16F7-4668-BE54-9A1E7A4F7556}") = "UrlShortener", "UrlShortener\UrlShortener.csproj", "{F657E5E8-2C67-4D17-9899-B31CA1F3CF39}"
EndProject
Project("{9A19103F-16F7-4668-BE54-9A1E7A4F7556}") = "UrlShortener.Domain", "UrlShortener.Domain\UrlShortener.Domain.csproj", "{D11B5061-3D6B-479F-A0FF-C4468AC7E638}"
EndProject
Project("{FAE04EC0-301F-11D3-BF4B-00C04F79EFBC}") = "UrlShortener.Business", "UrlShortener.Business\UrlShortener.Business.csproj", "{6732AC48-248B-4CD7-9C91-DEC941C732DC}"
EndProject
Global
	GlobalSection(SolutionConfigurationPlatforms) = preSolution
		Debug|Any CPU = Debug|Any CPU
		Release|Any CPU = Release|Any CPU
	EndGlobalSection
	GlobalSection(ProjectConfigurationPlatforms) = postSolution
		{F657E5E8-2C67-4D17-9899-B31CA1F3CF39}.Debug|Any CPU.ActiveCfg = Debug|Any CPU
		{F657E5E8-2C67-4D17-9899-B31CA1F3CF39}.Debug|Any CPU.Build.0 = Debug|Any CPU
		{F657E5E8-2C67-4D17-9899-B31CA1F3CF39}.Release|Any CPU.ActiveCfg = Release|Any CPU
		{F657E5E8-2C67-4D17-9899-B31CA1F3CF39}.Release|Any CPU.Build.0 = Release|Any CPU
		{D11B5061-3D6B-479F-A0FF-C4468AC7E638}.Debug|Any CPU.ActiveCfg = Debug|Any CPU
		{D11B5061-3D6B-479F-A0FF-C4468AC7E638}.Debug|Any CPU.Build.0 = Debug|Any CPU
		{D11B5061-3D6B-479F-A0FF-C4468AC7E638}.Release|Any CPU.ActiveCfg = Release|Any CPU
		{D11B5061-3D6B-479F-A0FF-C4468AC7E638}.Release|Any CPU.Build.0 = Release|Any CPU
		{6732AC48-248B-4CD7-9C91-DEC941C732DC}.Debug|Any CPU.ActiveCfg = Debug|Any CPU
		{6732AC48-248B-4CD7-9C91-DEC941C732DC}.Debug|Any CPU.Build.0 = Debug|Any CPU
		{6732AC48-248B-4CD7-9C91-DEC941C732DC}.Release|Any CPU.ActiveCfg = Release|Any CPU
		{6732AC48-248B-4CD7-9C91-DEC941C732DC}.Release|Any CPU.Build.0 = Release|Any CPU
	EndGlobalSection
	GlobalSection(SolutionProperties) = preSolution
		HideSolutionNode = FALSE
	EndGlobalSection
	GlobalSection(ExtensibilityGlobals) = postSolution
		SolutionGuid = {EF9B02ED-08C0-44D8-A6BC-52F21DB8AB79}
	EndGlobalSection
EndGlobal
